
Microsoft Visual Studio Solution File, Format Version 12.00
# Visual Studio Version 16
VisualStudioVersion = 16.0.29424.173
MinimumVisualStudioVersion = 10.0.40219.1
Project("{888888A0-9F3D-457C-B088-3A5042F75D52}") = "local_server", "local_server.pyproj", "{B7887D88-97DF-4723-8A6C-6ADCA48C7A3A}"
EndProject
Global
	GlobalSection(SolutionConfigurationPlatforms) = preSolution
		Debug|Any CPU = Debug|Any CPU
		Release|Any CPU = Release|Any CPU
	EndGlobalSection
	GlobalSection(ProjectConfigurationPlatforms) = postSolution
		{B7887D88-97DF-4723-8A6C-6ADCA48C7A3A}.Debug|Any CPU.ActiveCfg = Debug|Any CPU
		{B7887D88-97DF-4723-8A6C-6ADCA48C7A3A}.Debug|Any CPU.Build.0 = Debug|Any CPU
		{B7887D88-97DF-4723-8A6C-6ADCA48C7A3A}.Release|Any CPU.ActiveCfg = Release|Any CPU
		{B7887D88-97DF-4723-8A6C-6ADCA48C7A3A}.Release|Any CPU.Build.0 = Release|Any CPU
	EndGlobalSection
	GlobalSection(SolutionProperties) = preSolution
		HideSolutionNode = FALSE
	EndGlobalSection
	GlobalSection(ExtensibilityGlobals) = postSolution
		SolutionGuid = {A9B2C614-A3F8-414C-A3A6-E6FBE75A323A}
	EndGlobalSection
EndGlobal
